// !$*UTF8*$!
{
	archiveVersion = 1;
	classes = {
	};
	objectVersion = 46;
	objects = {

/* Begin PBXBuildFile section */
		70102B001D68116F00E7AFC5 /* KZSimpleLogger.framework in Frameworks */ = {isa = PBXBuildFile; fileRef = 70102AF61D68116F00E7AFC5 /* KZSimpleLogger.framework */; };
		70102B051D68116F00E7AFC5 /* KZSimpleLoggerTests.swift in Sources */ = {isa = PBXBuildFile; fileRef = 70102B041D68116F00E7AFC5 /* KZSimpleLoggerTests.swift */; };
		70102B071D68116F00E7AFC5 /* KZSimpleLogger.h in Headers */ = {isa = PBXBuildFile; fileRef = 70102AF91D68116F00E7AFC5 /* KZSimpleLogger.h */; settings = {ATTRIBUTES = (Public, ); }; };
		70102B111D68118800E7AFC5 /* SimpleLogger.swift in Sources */ = {isa = PBXBuildFile; fileRef = 70102B101D68118800E7AFC5 /* SimpleLogger.swift */; };
		70102B221D6818FA00E7AFC5 /* KZSimpleLogger.framework in Frameworks */ = {isa = PBXBuildFile; fileRef = 70102B191D6818FA00E7AFC5 /* KZSimpleLogger.framework */; };
		70102B301D6819A600E7AFC5 /* KZSimpleLogger.h in Headers */ = {isa = PBXBuildFile; fileRef = 70102AF91D68116F00E7AFC5 /* KZSimpleLogger.h */; settings = {ATTRIBUTES = (Public, ); }; };
		70102B311D681A0800E7AFC5 /* SimpleLogger.swift in Sources */ = {isa = PBXBuildFile; fileRef = 70102B101D68118800E7AFC5 /* SimpleLogger.swift */; };
		70102B321D681BAA00E7AFC5 /* KZSimpleLoggerTests.swift in Sources */ = {isa = PBXBuildFile; fileRef = 70102B041D68116F00E7AFC5 /* KZSimpleLoggerTests.swift */; };
/* End PBXBuildFile section */

/* Begin PBXContainerItemProxy section */
		70102B011D68116F00E7AFC5 /* PBXContainerItemProxy */ = {
			isa = PBXContainerItemProxy;
			containerPortal = 70102AED1D68116F00E7AFC5 /* Project object */;
			proxyType = 1;
			remoteGlobalIDString = 70102AF51D68116F00E7AFC5;
			remoteInfo = KZSimpleLogger;
		};
		70102B231D6818FA00E7AFC5 /* PBXContainerItemProxy */ = {
			isa = PBXContainerItemProxy;
			containerPortal = 70102AED1D68116F00E7AFC5 /* Project object */;
			proxyType = 1;
			remoteGlobalIDString = 70102B181D6818FA00E7AFC5;
			remoteInfo = "KZSimpleLogger-iOS";
		};
/* End PBXContainerItemProxy section */

/* Begin PBXFileReference section */
		70102AF61D68116F00E7AFC5 /* KZSimpleLogger.framework */ = {isa = PBXFileReference; explicitFileType = wrapper.framework; includeInIndex = 0; path = KZSimpleLogger.framework; sourceTree = BUILT_PRODUCTS_DIR; };
		70102AF91D68116F00E7AFC5 /* KZSimpleLogger.h */ = {isa = PBXFileReference; lastKnownFileType = sourcecode.c.h; path = KZSimpleLogger.h; sourceTree = "<group>"; };
		70102AFA1D68116F00E7AFC5 /* Info.plist */ = {isa = PBXFileReference; lastKnownFileType = text.plist.xml; path = Info.plist; sourceTree = "<group>"; };
		70102AFF1D68116F00E7AFC5 /* KZSimpleLoggerTests.xctest */ = {isa = PBXFileReference; explicitFileType = wrapper.cfbundle; includeInIndex = 0; path = KZSimpleLoggerTests.xctest; sourceTree = BUILT_PRODUCTS_DIR; };
		70102B041D68116F00E7AFC5 /* KZSimpleLoggerTests.swift */ = {isa = PBXFileReference; lastKnownFileType = sourcecode.swift; path = KZSimpleLoggerTests.swift; sourceTree = "<group>"; };
		70102B061D68116F00E7AFC5 /* Info.plist */ = {isa = PBXFileReference; lastKnownFileType = text.plist.xml; path = Info.plist; sourceTree = "<group>"; };
		70102B101D68118800E7AFC5 /* SimpleLogger.swift */ = {isa = PBXFileReference; fileEncoding = 4; lastKnownFileType = sourcecode.swift; path = SimpleLogger.swift; sourceTree = "<group>"; };
		70102B191D6818FA00E7AFC5 /* KZSimpleLogger.framework */ = {isa = PBXFileReference; explicitFileType = wrapper.framework; includeInIndex = 0; path = KZSimpleLogger.framework; sourceTree = BUILT_PRODUCTS_DIR; };
		70102B211D6818FA00E7AFC5 /* KZSimpleLogger-iOSTests.xctest */ = {isa = PBXFileReference; explicitFileType = wrapper.cfbundle; includeInIndex = 0; path = "KZSimpleLogger-iOSTests.xctest"; sourceTree = BUILT_PRODUCTS_DIR; };
/* End PBXFileReference section */

/* Begin PBXFrameworksBuildPhase section */
		70102AF21D68116F00E7AFC5 /* Frameworks */ = {
			isa = PBXFrameworksBuildPhase;
			buildActionMask = 2147483647;
			files = (
			);
			runOnlyForDeploymentPostprocessing = 0;
		};
		70102AFC1D68116F00E7AFC5 /* Frameworks */ = {
			isa = PBXFrameworksBuildPhase;
			buildActionMask = 2147483647;
			files = (
				70102B001D68116F00E7AFC5 /* KZSimpleLogger.framework in Frameworks */,
			);
			runOnlyForDeploymentPostprocessing = 0;
		};
		70102B151D6818FA00E7AFC5 /* Frameworks */ = {
			isa = PBXFrameworksBuildPhase;
			buildActionMask = 2147483647;
			files = (
			);
			runOnlyForDeploymentPostprocessing = 0;
		};
		70102B1E1D6818FA00E7AFC5 /* Frameworks */ = {
			isa = PBXFrameworksBuildPhase;
			buildActionMask = 2147483647;
			files = (
				70102B221D6818FA00E7AFC5 /* KZSimpleLogger.framework in Frameworks */,
			);
			runOnlyForDeploymentPostprocessing = 0;
		};
/* End PBXFrameworksBuildPhase section */

/* Begin PBXGroup section */
		70102AEC1D68116F00E7AFC5 = {
			isa = PBXGroup;
			children = (
				70102AF81D68116F00E7AFC5 /* KZSimpleLogger */,
				70102B031D68116F00E7AFC5 /* KZSimpleLoggerTests */,
				70102AF71D68116F00E7AFC5 /* Products */,
			);
			sourceTree = "<group>";
		};
		70102AF71D68116F00E7AFC5 /* Products */ = {
			isa = PBXGroup;
			children = (
				70102AF61D68116F00E7AFC5 /* KZSimpleLogger.framework */,
				70102AFF1D68116F00E7AFC5 /* KZSimpleLoggerTests.xctest */,
				70102B191D6818FA00E7AFC5 /* KZSimpleLogger.framework */,
				70102B211D6818FA00E7AFC5 /* KZSimpleLogger-iOSTests.xctest */,
			);
			name = Products;
			sourceTree = "<group>";
		};
		70102AF81D68116F00E7AFC5 /* KZSimpleLogger */ = {
			isa = PBXGroup;
			children = (
				70102AF91D68116F00E7AFC5 /* KZSimpleLogger.h */,
				70102AFA1D68116F00E7AFC5 /* Info.plist */,
				70102B101D68118800E7AFC5 /* SimpleLogger.swift */,
			);
			path = KZSimpleLogger;
			sourceTree = "<group>";
		};
		70102B031D68116F00E7AFC5 /* KZSimpleLoggerTests */ = {
			isa = PBXGroup;
			children = (
				70102B041D68116F00E7AFC5 /* KZSimpleLoggerTests.swift */,
				70102B061D68116F00E7AFC5 /* Info.plist */,
			);
			path = KZSimpleLoggerTests;
			sourceTree = "<group>";
		};
/* End PBXGroup section */

/* Begin PBXHeadersBuildPhase section */
		70102AF31D68116F00E7AFC5 /* Headers */ = {
			isa = PBXHeadersBuildPhase;
			buildActionMask = 2147483647;
			files = (
				70102B071D68116F00E7AFC5 /* KZSimpleLogger.h in Headers */,
			);
			runOnlyForDeploymentPostprocessing = 0;
		};
		70102B161D6818FA00E7AFC5 /* Headers */ = {
			isa = PBXHeadersBuildPhase;
			buildActionMask = 2147483647;
			files = (
				70102B301D6819A600E7AFC5 /* KZSimpleLogger.h in Headers */,
			);
			runOnlyForDeploymentPostprocessing = 0;
		};
/* End PBXHeadersBuildPhase section */

/* Begin PBXNativeTarget section */
		70102AF51D68116F00E7AFC5 /* KZSimpleLogger */ = {
			isa = PBXNativeTarget;
			buildConfigurationList = 70102B0A1D68116F00E7AFC5 /* Build configuration list for PBXNativeTarget "KZSimpleLogger" */;
			buildPhases = (
				70102AF11D68116F00E7AFC5 /* Sources */,
				70102AF21D68116F00E7AFC5 /* Frameworks */,
				70102AF31D68116F00E7AFC5 /* Headers */,
				70102AF41D68116F00E7AFC5 /* Resources */,
			);
			buildRules = (
			);
			dependencies = (
			);
			name = KZSimpleLogger;
			productName = KZSimpleLogger;
			productReference = 70102AF61D68116F00E7AFC5 /* KZSimpleLogger.framework */;
			productType = "com.apple.product-type.framework";
		};
		70102AFE1D68116F00E7AFC5 /* KZSimpleLoggerTests */ = {
			isa = PBXNativeTarget;
			buildConfigurationList = 70102B0D1D68116F00E7AFC5 /* Build configuration list for PBXNativeTarget "KZSimpleLoggerTests" */;
			buildPhases = (
				70102AFB1D68116F00E7AFC5 /* Sources */,
				70102AFC1D68116F00E7AFC5 /* Frameworks */,
				70102AFD1D68116F00E7AFC5 /* Resources */,
			);
			buildRules = (
			);
			dependencies = (
				70102B021D68116F00E7AFC5 /* PBXTargetDependency */,
			);
			name = KZSimpleLoggerTests;
			productName = KZSimpleLoggerTests;
			productReference = 70102AFF1D68116F00E7AFC5 /* KZSimpleLoggerTests.xctest */;
			productType = "com.apple.product-type.bundle.unit-test";
		};
		70102B181D6818FA00E7AFC5 /* KZSimpleLogger-iOS */ = {
			isa = PBXNativeTarget;
			buildConfigurationList = 70102B2A1D6818FA00E7AFC5 /* Build configuration list for PBXNativeTarget "KZSimpleLogger-iOS" */;
			buildPhases = (
				70102B141D6818FA00E7AFC5 /* Sources */,
				70102B151D6818FA00E7AFC5 /* Frameworks */,
				70102B161D6818FA00E7AFC5 /* Headers */,
				70102B171D6818FA00E7AFC5 /* Resources */,
			);
			buildRules = (
			);
			dependencies = (
			);
			name = "KZSimpleLogger-iOS";
			productName = "KZSimpleLogger-iOS";
			productReference = 70102B191D6818FA00E7AFC5 /* KZSimpleLogger.framework */;
			productType = "com.apple.product-type.framework";
		};
		70102B201D6818FA00E7AFC5 /* KZSimpleLogger-iOSTests */ = {
			isa = PBXNativeTarget;
			buildConfigurationList = 70102B2D1D6818FA00E7AFC5 /* Build configuration list for PBXNativeTarget "KZSimpleLogger-iOSTests" */;
			buildPhases = (
				70102B1D1D6818FA00E7AFC5 /* Sources */,
				70102B1E1D6818FA00E7AFC5 /* Frameworks */,
				70102B1F1D6818FA00E7AFC5 /* Resources */,
			);
			buildRules = (
			);
			dependencies = (
				70102B241D6818FA00E7AFC5 /* PBXTargetDependency */,
			);
			name = "KZSimpleLogger-iOSTests";
			productName = "KZSimpleLogger-iOSTests";
			productReference = 70102B211D6818FA00E7AFC5 /* KZSimpleLogger-iOSTests.xctest */;
			productType = "com.apple.product-type.bundle.unit-test";
		};
/* End PBXNativeTarget section */

/* Begin PBXProject section */
		70102AED1D68116F00E7AFC5 /* Project object */ = {
			isa = PBXProject;
			attributes = {
				LastSwiftUpdateCheck = 0800;
				LastUpgradeCheck = 0800;
				ORGANIZATIONNAME = KaiZen;
				TargetAttributes = {
					70102AF51D68116F00E7AFC5 = {
						CreatedOnToolsVersion = 8.0;
						DevelopmentTeam = YWXH886EY3;
						LastSwiftMigration = 0800;
						ProvisioningStyle = Automatic;
					};
					70102AFE1D68116F00E7AFC5 = {
						CreatedOnToolsVersion = 8.0;
						DevelopmentTeam = YWXH886EY3;
						ProvisioningStyle = Automatic;
					};
					70102B181D6818FA00E7AFC5 = {
						CreatedOnToolsVersion = 8.0;
						DevelopmentTeam = YWXH886EY3;
						ProvisioningStyle = Automatic;
					};
					70102B201D6818FA00E7AFC5 = {
						CreatedOnToolsVersion = 8.0;
						DevelopmentTeam = YWXH886EY3;
						ProvisioningStyle = Automatic;
					};
				};
			};
			buildConfigurationList = 70102AF01D68116F00E7AFC5 /* Build configuration list for PBXProject "KZSimpleLogger" */;
			compatibilityVersion = "Xcode 3.2";
			developmentRegion = English;
			hasScannedForEncodings = 0;
			knownRegions = (
				en,
			);
			mainGroup = 70102AEC1D68116F00E7AFC5;
			productRefGroup = 70102AF71D68116F00E7AFC5 /* Products */;
			projectDirPath = "";
			projectRoot = "";
			targets = (
				70102AF51D68116F00E7AFC5 /* KZSimpleLogger */,
				70102AFE1D68116F00E7AFC5 /* KZSimpleLoggerTests */,
				70102B181D6818FA00E7AFC5 /* KZSimpleLogger-iOS */,
				70102B201D6818FA00E7AFC5 /* KZSimpleLogger-iOSTests */,
			);
		};
/* End PBXProject section */

/* Begin PBXResourcesBuildPhase section */
		70102AF41D68116F00E7AFC5 /* Resources */ = {
			isa = PBXResourcesBuildPhase;
			buildActionMask = 2147483647;
			files = (
			);
			runOnlyForDeploymentPostprocessing = 0;
		};
		70102AFD1D68116F00E7AFC5 /* Resources */ = {
			isa = PBXResourcesBuildPhase;
			buildActionMask = 2147483647;
			files = (
			);
			runOnlyForDeploymentPostprocessing = 0;
		};
		70102B171D6818FA00E7AFC5 /* Resources */ = {
			isa = PBXResourcesBuildPhase;
			buildActionMask = 2147483647;
			files = (
			);
			runOnlyForDeploymentPostprocessing = 0;
		};
		70102B1F1D6818FA00E7AFC5 /* Resources */ = {
			isa = PBXResourcesBuildPhase;
			buildActionMask = 2147483647;
			files = (
			);
			runOnlyForDeploymentPostprocessing = 0;
		};
/* End PBXResourcesBuildPhase section */

/* Begin PBXSourcesBuildPhase section */
		70102AF11D68116F00E7AFC5 /* Sources */ = {
			isa = PBXSourcesBuildPhase;
			buildActionMask = 2147483647;
			files = (
				70102B111D68118800E7AFC5 /* SimpleLogger.swift in Sources */,
			);
			runOnlyForDeploymentPostprocessing = 0;
		};
		70102AFB1D68116F00E7AFC5 /* Sources */ = {
			isa = PBXSourcesBuildPhase;
			buildActionMask = 2147483647;
			files = (
				70102B051D68116F00E7AFC5 /* KZSimpleLoggerTests.swift in Sources */,
			);
			runOnlyForDeploymentPostprocessing = 0;
		};
		70102B141D6818FA00E7AFC5 /* Sources */ = {
			isa = PBXSourcesBuildPhase;
			buildActionMask = 2147483647;
			files = (
				70102B311D681A0800E7AFC5 /* SimpleLogger.swift in Sources */,
			);
			runOnlyForDeploymentPostprocessing = 0;
		};
		70102B1D1D6818FA00E7AFC5 /* Sources */ = {
			isa = PBXSourcesBuildPhase;
			buildActionMask = 2147483647;
			files = (
				70102B321D681BAA00E7AFC5 /* KZSimpleLoggerTests.swift in Sources */,
			);
			runOnlyForDeploymentPostprocessing = 0;
		};
/* End PBXSourcesBuildPhase section */

/* Begin PBXTargetDependency section */
		70102B021D68116F00E7AFC5 /* PBXTargetDependency */ = {
			isa = PBXTargetDependency;
			target = 70102AF51D68116F00E7AFC5 /* KZSimpleLogger */;
			targetProxy = 70102B011D68116F00E7AFC5 /* PBXContainerItemProxy */;
		};
		70102B241D6818FA00E7AFC5 /* PBXTargetDependency */ = {
			isa = PBXTargetDependency;
			target = 70102B181D6818FA00E7AFC5 /* KZSimpleLogger-iOS */;
			targetProxy = 70102B231D6818FA00E7AFC5 /* PBXContainerItemProxy */;
		};
/* End PBXTargetDependency section */

/* Begin XCBuildConfiguration section */
		70102B081D68116F00E7AFC5 /* Debug */ = {
			isa = XCBuildConfiguration;
			buildSettings = {
				ALWAYS_SEARCH_USER_PATHS = NO;
				CLANG_ANALYZER_NONNULL = YES;
				CLANG_CXX_LANGUAGE_STANDARD = "gnu++0x";
				CLANG_CXX_LIBRARY = "libc++";
				CLANG_ENABLE_MODULES = YES;
				CLANG_ENABLE_OBJC_ARC = YES;
				CLANG_WARN_BOOL_CONVERSION = YES;
				CLANG_WARN_CONSTANT_CONVERSION = YES;
				CLANG_WARN_DIRECT_OBJC_ISA_USAGE = YES_ERROR;
				CLANG_WARN_DOCUMENTATION_COMMENTS = YES;
				CLANG_WARN_EMPTY_BODY = YES;
				CLANG_WARN_ENUM_CONVERSION = YES;
				CLANG_WARN_INFINITE_RECURSION = YES;
				CLANG_WARN_INT_CONVERSION = YES;
				CLANG_WARN_OBJC_ROOT_CLASS = YES_ERROR;
				CLANG_WARN_SUSPICIOUS_MOVES = YES;
				CLANG_WARN_UNREACHABLE_CODE = YES;
				CLANG_WARN__DUPLICATE_METHOD_MATCH = YES;
				CODE_SIGN_IDENTITY = "-";
				COPY_PHASE_STRIP = NO;
				CURRENT_PROJECT_VERSION = 1;
				DEBUG_INFORMATION_FORMAT = dwarf;
				ENABLE_STRICT_OBJC_MSGSEND = YES;
				ENABLE_TESTABILITY = YES;
				GCC_C_LANGUAGE_STANDARD = gnu99;
				GCC_DYNAMIC_NO_PIC = NO;
				GCC_NO_COMMON_BLOCKS = YES;
				GCC_OPTIMIZATION_LEVEL = 0;
				GCC_PREPROCESSOR_DEFINITIONS = (
					"DEBUG=1",
					"$(inherited)",
				);
				GCC_WARN_64_TO_32_BIT_CONVERSION = YES;
				GCC_WARN_ABOUT_RETURN_TYPE = YES_ERROR;
				GCC_WARN_UNDECLARED_SELECTOR = YES;
				GCC_WARN_UNINITIALIZED_AUTOS = YES_AGGRESSIVE;
				GCC_WARN_UNUSED_FUNCTION = YES;
				GCC_WARN_UNUSED_VARIABLE = YES;
				MACOSX_DEPLOYMENT_TARGET = 10.12;
				MTL_ENABLE_DEBUG_INFO = YES;
				ONLY_ACTIVE_ARCH = YES;
				SDKROOT = macosx;
				SWIFT_ACTIVE_COMPILATION_CONDITIONS = DEBUG;
				SWIFT_OPTIMIZATION_LEVEL = "-Onone";
				VERSIONING_SYSTEM = "apple-generic";
				VERSION_INFO_PREFIX = "";
			};
			name = Debug;
		};
		70102B091D68116F00E7AFC5 /* Release */ = {
			isa = XCBuildConfiguration;
			buildSettings = {
				ALWAYS_SEARCH_USER_PATHS = NO;
				CLANG_ANALYZER_NONNULL = YES;
				CLANG_CXX_LANGUAGE_STANDARD = "gnu++0x";
				CLANG_CXX_LIBRARY = "libc++";
				CLANG_ENABLE_MODULES = YES;
				CLANG_ENABLE_OBJC_ARC = YES;
				CLANG_WARN_BOOL_CONVERSION = YES;
				CLANG_WARN_CONSTANT_CONVERSION = YES;
				CLANG_WARN_DIRECT_OBJC_ISA_USAGE = YES_ERROR;
				CLANG_WARN_DOCUMENTATION_COMMENTS = YES;
				CLANG_WARN_EMPTY_BODY = YES;
				CLANG_WARN_ENUM_CONVERSION = YES;
				CLANG_WARN_INFINITE_RECURSION = YES;
				CLANG_WARN_INT_CONVERSION = YES;
				CLANG_WARN_OBJC_ROOT_CLASS = YES_ERROR;
				CLANG_WARN_SUSPICIOUS_MOVES = YES;
				CLANG_WARN_UNREACHABLE_CODE = YES;
				CLANG_WARN__DUPLICATE_METHOD_MATCH = YES;
				CODE_SIGN_IDENTITY = "-";
				COPY_PHASE_STRIP = NO;
				CURRENT_PROJECT_VERSION = 1;
				DEBUG_INFORMATION_FORMAT = "dwarf-with-dsym";
				ENABLE_NS_ASSERTIONS = NO;
				ENABLE_STRICT_OBJC_MSGSEND = YES;
				GCC_C_LANGUAGE_STANDARD = gnu99;
				GCC_NO_COMMON_BLOCKS = YES;
				GCC_WARN_64_TO_32_BIT_CONVERSION = YES;
				GCC_WARN_ABOUT_RETURN_TYPE = YES_ERROR;
				GCC_WARN_UNDECLARED_SELECTOR = YES;
				GCC_WARN_UNINITIALIZED_AUTOS = YES_AGGRESSIVE;
				GCC_WARN_UNUSED_FUNCTION = YES;
				GCC_WARN_UNUSED_VARIABLE = YES;
				MACOSX_DEPLOYMENT_TARGET = 10.12;
				MTL_ENABLE_DEBUG_INFO = NO;
				SDKROOT = macosx;
				SWIFT_OPTIMIZATION_LEVEL = "-Owholemodule";
				VERSIONING_SYSTEM = "apple-generic";
				VERSION_INFO_PREFIX = "";
			};
			name = Release;
		};
		70102B0B1D68116F00E7AFC5 /* Debug */ = {
			isa = XCBuildConfiguration;
			buildSettings = {
				CLANG_ENABLE_MODULES = YES;
				CODE_SIGN_IDENTITY = "";
				COMBINE_HIDPI_IMAGES = YES;
				DEFINES_MODULE = YES;
				DEVELOPMENT_TEAM = YWXH886EY3;
				DYLIB_COMPATIBILITY_VERSION = 1;
				DYLIB_CURRENT_VERSION = 1;
				DYLIB_INSTALL_NAME_BASE = "@rpath";
				FRAMEWORK_VERSION = A;
				INFOPLIST_FILE = KZSimpleLogger/Info.plist;
				INSTALL_PATH = "$(LOCAL_LIBRARY_DIR)/Frameworks";
				LD_RUNPATH_SEARCH_PATHS = "$(inherited) @executable_path/../Frameworks @loader_path/Frameworks";
				PRODUCT_BUNDLE_IDENTIFIER = org.kaizen.KZSimpleLogger;
				PRODUCT_NAME = "$(TARGET_NAME)";
				SKIP_INSTALL = YES;
				SWIFT_OPTIMIZATION_LEVEL = "-Onone";
				SWIFT_VERSION = 3.0;
			};
			name = Debug;
		};
		70102B0C1D68116F00E7AFC5 /* Release */ = {
			isa = XCBuildConfiguration;
			buildSettings = {
				CLANG_ENABLE_MODULES = YES;
				CODE_SIGN_IDENTITY = "";
				COMBINE_HIDPI_IMAGES = YES;
				DEFINES_MODULE = YES;
				DEVELOPMENT_TEAM = YWXH886EY3;
				DYLIB_COMPATIBILITY_VERSION = 1;
				DYLIB_CURRENT_VERSION = 1;
				DYLIB_INSTALL_NAME_BASE = "@rpath";
				FRAMEWORK_VERSION = A;
				INFOPLIST_FILE = KZSimpleLogger/Info.plist;
				INSTALL_PATH = "$(LOCAL_LIBRARY_DIR)/Frameworks";
				LD_RUNPATH_SEARCH_PATHS = "$(inherited) @executable_path/../Frameworks @loader_path/Frameworks";
				PRODUCT_BUNDLE_IDENTIFIER = org.kaizen.KZSimpleLogger;
				PRODUCT_NAME = "$(TARGET_NAME)";
				SKIP_INSTALL = YES;
				SWIFT_VERSION = 3.0;
			};
			name = Release;
		};
		70102B0E1D68116F00E7AFC5 /* Debug */ = {
			isa = XCBuildConfiguration;
			buildSettings = {
				ALWAYS_EMBED_SWIFT_STANDARD_LIBRARIES = YES;
				COMBINE_HIDPI_IMAGES = YES;
				DEVELOPMENT_TEAM = YWXH886EY3;
				INFOPLIST_FILE = KZSimpleLoggerTests/Info.plist;
				LD_RUNPATH_SEARCH_PATHS = "$(inherited) @executable_path/../Frameworks @loader_path/../Frameworks";
				PRODUCT_BUNDLE_IDENTIFIER = org.kaizen.KZSimpleLoggerTests;
				PRODUCT_NAME = "$(TARGET_NAME)";
				SWIFT_VERSION = 3.0;
			};
			name = Debug;
		};
		70102B0F1D68116F00E7AFC5 /* Release */ = {
			isa = XCBuildConfiguration;
			buildSettings = {
				ALWAYS_EMBED_SWIFT_STANDARD_LIBRARIES = YES;
				COMBINE_HIDPI_IMAGES = YES;
				DEVELOPMENT_TEAM = YWXH886EY3;
				INFOPLIST_FILE = KZSimpleLoggerTests/Info.plist;
				LD_RUNPATH_SEARCH_PATHS = "$(inherited) @executable_path/../Frameworks @loader_path/../Frameworks";
				PRODUCT_BUNDLE_IDENTIFIER = org.kaizen.KZSimpleLoggerTests;
				PRODUCT_NAME = "$(TARGET_NAME)";
				SWIFT_VERSION = 3.0;
			};
			name = Release;
		};
		70102B2B1D6818FA00E7AFC5 /* Debug */ = {
			isa = XCBuildConfiguration;
			buildSettings = {
				CODE_SIGN_IDENTITY = "";
				"CODE_SIGN_IDENTITY[sdk=iphoneos*]" = "iPhone Developer";
				DEFINES_MODULE = YES;
				DEVELOPMENT_TEAM = YWXH886EY3;
				DYLIB_COMPATIBILITY_VERSION = 1;
				DYLIB_CURRENT_VERSION = 1;
				DYLIB_INSTALL_NAME_BASE = "@rpath";
				INFOPLIST_FILE = KZSimpleLogger/Info.plist;
				INSTALL_PATH = "$(LOCAL_LIBRARY_DIR)/Frameworks";
				IPHONEOS_DEPLOYMENT_TARGET = 10.0;
				LD_RUNPATH_SEARCH_PATHS = "$(inherited) @executable_path/Frameworks @loader_path/Frameworks";
				PRODUCT_BUNDLE_IDENTIFIER = "org.kaizen.KZSimpleLogger-iOS";
				PRODUCT_NAME = KZSimpleLogger;
				SDKROOT = iphoneos;
				SKIP_INSTALL = YES;
				SWIFT_VERSION = 3.0;
				TARGETED_DEVICE_FAMILY = "1,2";
			};
			name = Debug;
		};
		70102B2C1D6818FA00E7AFC5 /* Release */ = {
			isa = XCBuildConfiguration;
			buildSettings = {
				CODE_SIGN_IDENTITY = "";
				"CODE_SIGN_IDENTITY[sdk=iphoneos*]" = "iPhone Developer";
				DEFINES_MODULE = YES;
				DEVELOPMENT_TEAM = YWXH886EY3;
				DYLIB_COMPATIBILITY_VERSION = 1;
				DYLIB_CURRENT_VERSION = 1;
				DYLIB_INSTALL_NAME_BASE = "@rpath";
				INFOPLIST_FILE = KZSimpleLogger/Info.plist;
				INSTALL_PATH = "$(LOCAL_LIBRARY_DIR)/Frameworks";
				IPHONEOS_DEPLOYMENT_TARGET = 10.0;
				LD_RUNPATH_SEARCH_PATHS = "$(inherited) @executable_path/Frameworks @loader_path/Frameworks";
				PRODUCT_BUNDLE_IDENTIFIER = "org.kaizen.KZSimpleLogger-iOS";
				PRODUCT_NAME = KZSimpleLogger;
				SDKROOT = iphoneos;
				SKIP_INSTALL = YES;
				SWIFT_VERSION = 3.0;
				TARGETED_DEVICE_FAMILY = "1,2";
				VALIDATE_PRODUCT = YES;
			};
			name = Release;
		};
		70102B2E1D6818FA00E7AFC5 /* Debug */ = {
			isa = XCBuildConfiguration;
			buildSettings = {
				ALWAYS_EMBED_SWIFT_STANDARD_LIBRARIES = YES;
				"CODE_SIGN_IDENTITY[sdk=iphoneos*]" = "iPhone Developer";
				DEVELOPMENT_TEAM = YWXH886EY3;
				INFOPLIST_FILE = KZSimpleLogger/Info.plist;
				IPHONEOS_DEPLOYMENT_TARGET = 10.0;
				LD_RUNPATH_SEARCH_PATHS = "$(inherited) @executable_path/Frameworks @loader_path/Frameworks";
				PRODUCT_BUNDLE_IDENTIFIER = "org.kaizen.KZSimpleLogger-iOSTests";
				PRODUCT_NAME = "$(TARGET_NAME)";
				SDKROOT = iphoneos;
				SWIFT_VERSION = 3.0;
			};
			name = Debug;
		};
		70102B2F1D6818FA00E7AFC5 /* Release */ = {
			isa = XCBuildConfiguration;
			buildSettings = {
				ALWAYS_EMBED_SWIFT_STANDARD_LIBRARIES = YES;
				"CODE_SIGN_IDENTITY[sdk=iphoneos*]" = "iPhone Developer";
				DEVELOPMENT_TEAM = YWXH886EY3;
				INFOPLIST_FILE = KZSimpleLogger/Info.plist;
				IPHONEOS_DEPLOYMENT_TARGET = 10.0;
				LD_RUNPATH_SEARCH_PATHS = "$(inherited) @executable_path/Frameworks @loader_path/Frameworks";
				PRODUCT_BUNDLE_IDENTIFIER = "org.kaizen.KZSimpleLogger-iOSTests";
				PRODUCT_NAME = "$(TARGET_NAME)";
				SDKROOT = iphoneos;
				SWIFT_VERSION = 3.0;
				VALIDATE_PRODUCT = YES;
			};
			name = Release;
		};
/* End XCBuildConfiguration section */

/* Begin XCConfigurationList section */
		70102AF01D68116F00E7AFC5 /* Build configuration list for PBXProject "KZSimpleLogger" */ = {
			isa = XCConfigurationList;
			buildConfigurations = (
				70102B081D68116F00E7AFC5 /* Debug */,
				70102B091D68116F00E7AFC5 /* Release */,
			);
			defaultConfigurationIsVisible = 0;
			defaultConfigurationName = Release;
		};
		70102B0A1D68116F00E7AFC5 /* Build configuration list for PBXNativeTarget "KZSimpleLogger" */ = {
			isa = XCConfigurationList;
			buildConfigurations = (
				70102B0B1D68116F00E7AFC5 /* Debug */,
				70102B0C1D68116F00E7AFC5 /* Release */,
			);
			defaultConfigurationIsVisible = 0;
		};
		70102B0D1D68116F00E7AFC5 /* Build configuration list for PBXNativeTarget "KZSimpleLoggerTests" */ = {
			isa = XCConfigurationList;
			buildConfigurations = (
				70102B0E1D68116F00E7AFC5 /* Debug */,
				70102B0F1D68116F00E7AFC5 /* Release */,
			);
			defaultConfigurationIsVisible = 0;
		};
		70102B2A1D6818FA00E7AFC5 /* Build configuration list for PBXNativeTarget "KZSimpleLogger-iOS" */ = {
			isa = XCConfigurationList;
			buildConfigurations = (
				70102B2B1D6818FA00E7AFC5 /* Debug */,
				70102B2C1D6818FA00E7AFC5 /* Release */,
			);
			defaultConfigurationIsVisible = 0;
		};
		70102B2D1D6818FA00E7AFC5 /* Build configuration list for PBXNativeTarget "KZSimpleLogger-iOSTests" */ = {
			isa = XCConfigurationList;
			buildConfigurations = (
				70102B2E1D6818FA00E7AFC5 /* Debug */,
				70102B2F1D6818FA00E7AFC5 /* Release */,
			);
			defaultConfigurationIsVisible = 0;
		};
/* End XCConfigurationList section */
	};
	rootObject = 70102AED1D68116F00E7AFC5 /* Project object */;
}
